github.com/Vedanshu7/llmbridge v1.0.0 h1:DU9+cLoRwcZYMGoTItWIkM/vSLnKH8c2/YS1crkzkjA=
github.com/Vedanshu7/llmbridge v1.0.0/go.mod h1:cWF8byEkxcB25cp77TR4w4v6BxXjY4KWkHcZa8Zswlo=
golang.org/x/time v0.5.0 h1:o7cqy6amK/52YcAKIPlM3a+Fpj35zvRj2TP+e1xFSfk=
golang.org/x/time v0.5.0/go.mod h1:3BpzKBy/shNhVucY/MWOyx10tF3SFh9QdLuxbVysPQM=
